%{
  "cachex": {:hex, :cachex, "2.1.0", "fad49b4e78d11c6c314e75bd8c9408f5b78cb065c047442798caed10803ee3be", [:mix], [{:eternal, "~> 1.1", [hex: :eternal, repo: "hexpm", optional: false]}], "hexpm"},
  "certifi": {:hex, :certifi, "1.2.1", "c3904f192bd5284e5b13f20db3ceac9626e14eeacfbb492e19583cf0e37b22be", [:rebar3], []},
  "combine": {:hex, :combine, "0.9.6", "8d1034a127d4cbf6924c8a5010d3534d958085575fa4d9b878f200d79ac78335", [:mix], []},
  "earmark": {:hex, :earmark, "1.2.2", "f718159d6b65068e8daeef709ccddae5f7fdc770707d82e7d126f584cd925b74", [:mix], []},
  "eternal": {:hex, :eternal, "1.2.0", "e2a6b6ce3b8c248f7dc31451aefca57e3bdf0e48d73ae5043229380a67614c41", [:mix], [], "hexpm"},
  "ex_doc": {:hex, :ex_doc, "0.15.1", "d5f9d588fd802152516fccfdb96d6073753f77314fcfee892b15b6724ca0d596", [:mix], [{:earmark, "~> 1.1", [hex: :earmark, optional: false]}]},
  "gettext": {:hex, :gettext, "0.13.1", "5e0daf4e7636d771c4c71ad5f3f53ba09a9ae5c250e1ab9c42ba9edccc476263", [:mix], []},
  "hackney": {:hex, :hackney, "1.8.3", "9148b2311f7d68aff2dc78f2be4da8f05b1a15421b9ef4199ba4935a1d39b3c1", [:rebar3], [{:certifi, "1.2.1", [hex: :certifi, optional: false]}, {:idna, "5.0.1", [hex: :idna, optional: false]}, {:metrics, "1.0.1", [hex: :metrics, optional: false]}, {:mimerl, "1.0.2", [hex: :mimerl, optional: false]}, {:ssl_verify_fun, "1.1.1", [hex: :ssl_verify_fun, optional: false]}]},
  "httpoison": {:hex, :httpoison, "0.11.2", "9e59f17a473ef6948f63c51db07320477bad8ba88cf1df60a3eee01150306665", [:mix], [{:hackney, "~> 1.8.0", [hex: :hackney, optional: false]}]},
  "idna": {:hex, :idna, "5.0.1", "5aa8fdce3f876f49d90daa13f071155a7c3259d02f7847dadd164da4a877da2a", [:rebar3], [{:unicode_util_compat, "0.1.0", [hex: :unicode_util_compat, optional: false]}]},
  "maxwell": {:hex, :maxwell, "2.2.2", "f841a62d9fc28fcbbb7c612970f0d71a48d2b673e6d7e67aaf3d2a6079c7d045", [:mix], [{:fuse, "~> 2.4", [hex: :fuse, repo: "hexpm", optional: true]}, {:hackney, "~> 1.6", [hex: :hackney, repo: "hexpm", optional: true]}, {:ibrowse, "~> 4.2", [hex: :ibrowse, repo: "hexpm", optional: true]}, {:mimerl, "~> 1.0.2", [hex: :mimerl, repo: "hexpm", optional: false]}, {:poison, "~> 2.1 or ~> 3.0", [hex: :poison, repo: "hexpm", optional: true]}], "hexpm"},
  "maxwell_cache": {:git, "https://github.com/sawater/maxwell_cache", "f439af1a4014b5e2f85e05d4334f5117eec2b066", []},
  "maxwell_compress": {:hex, :maxwell_compress, "0.1.0", "db4052370f30f445b86b8d4b423361234fcdf7f87e47887f9964dd157965346e", [:mix], [{:maxwell, ">= 2.2.0", [hex: :maxwell, repo: "hexpm", optional: false]}], "hexpm"},
  "metrics": {:hex, :metrics, "1.0.1", "25f094dea2cda98213cecc3aeff09e940299d950904393b2a29d191c346a8486", [:rebar3], []},
  "mimerl": {:hex, :mimerl, "1.0.2", "993f9b0e084083405ed8252b99460c4f0563e41729ab42d9074fd5e52439be88", [:rebar3], []},
  "poison": {:hex, :poison, "3.1.0", "d9eb636610e096f86f25d9a46f35a9facac35609a7591b3be3326e99a0484665", [:mix], [], "hexpm"},
  "ssl_verify_fun": {:hex, :ssl_verify_fun, "1.1.1", "28a4d65b7f59893bc2c7de786dec1e1555bd742d336043fe644ae956c3497fbe", [:make, :rebar], []},
  "timex": {:hex, :timex, "3.1.15", "94abaec8fef2436ced4d0e1b4ed50c8eaa5fb9138fc0699946ddee7abf5aaff2", [:mix], [{:combine, "~> 0.7", [hex: :combine, optional: false]}, {:gettext, "~> 0.10", [hex: :gettext, optional: false]}, {:tzdata, "~> 0.1.8 or ~> 0.5", [hex: :tzdata, optional: false]}]},
  "tzdata": {:hex, :tzdata, "0.5.12", "1c17b68692c6ba5b6ab15db3d64cc8baa0f182043d5ae9d4b6d35d70af76f67b", [:mix], [{:hackney, "~> 1.0", [hex: :hackney, optional: false]}]},
  "unicode_util_compat": {:hex, :unicode_util_compat, "0.1.0", "f554c539c826eac8bcf101d2dbcc4a798ba8a960a176ca58d0b2f225c265b174", [:rebar3], []},
}
